
Microsoft Visual Studio Solution File, Format Version 12.00
# Visual Studio Version 16
VisualStudioVersion = 16.0.30611.23
MinimumVisualStudioVersion = 10.0.40219.1
Project("{FAE04EC0-301F-11D3-BF4B-00C04F79EFBC}") = "FinalObjectClass", "FinalObjectClass\FinalObjectClass.csproj", "{00B51B41-5D99-45D1-8BF0-FA4D34EB7B65}"
EndProject
Global
	GlobalSection(SolutionConfigurationPlatforms) = preSolution
		Debug|Any CPU = Debug|Any CPU
		Release|Any CPU = Release|Any CPU
	EndGlobalSection
	GlobalSection(ProjectConfigurationPlatforms) = postSolution
		{00B51B41-5D99-45D1-8BF0-FA4D34EB7B65}.Debug|Any CPU.ActiveCfg = Debug|Any CPU
		{00B51B41-5D99-45D1-8BF0-FA4D34EB7B65}.Debug|Any CPU.Build.0 = Debug|Any CPU
		{00B51B41-5D99-45D1-8BF0-FA4D34EB7B65}.Release|Any CPU.ActiveCfg = Release|Any CPU
		{00B51B41-5D99-45D1-8BF0-FA4D34EB7B65}.Release|Any CPU.Build.0 = Release|Any CPU
	EndGlobalSection
	GlobalSection(SolutionProperties) = preSolution
		HideSolutionNode = FALSE
	EndGlobalSection
	GlobalSection(ExtensibilityGlobals) = postSolution
		SolutionGuid = {FF9A48A5-7053-46D7-8595-6EE89D04D76C}
	EndGlobalSection
EndGlobal
